// !$*UTF8*$!
{
	archiveVersion = 1;
	classes = {
	};
	objectVersion = 46;
	objects = {

/* Begin PBXBuildFile section */
		8C8D564F1CAA2FF2001A409D /* AppDelegate.swift in Sources */ = {isa = PBXBuildFile; fileRef = 8C8D564E1CAA2FF2001A409D /* AppDelegate.swift */; };
		8C8D56511CAA2FF2001A409D /* ViewController.swift in Sources */ = {isa = PBXBuildFile; fileRef = 8C8D56501CAA2FF2001A409D /* ViewController.swift */; };
		8C8D56541CAA2FF2001A409D /* Main.storyboard in Resources */ = {isa = PBXBuildFile; fileRef = 8C8D56521CAA2FF2001A409D /* Main.storyboard */; };
		8C8D56571CAA2FF2001A409D /* StarGazr.xcdatamodeld in Sources */ = {isa = PBXBuildFile; fileRef = 8C8D56551CAA2FF2001A409D /* StarGazr.xcdatamodeld */; };
		8C8D56591CAA2FF2001A409D /* Assets.xcassets in Resources */ = {isa = PBXBuildFile; fileRef = 8C8D56581CAA2FF2001A409D /* Assets.xcassets */; };
		8C8D565C1CAA2FF2001A409D /* LaunchScreen.storyboard in Resources */ = {isa = PBXBuildFile; fileRef = 8C8D565A1CAA2FF2001A409D /* LaunchScreen.storyboard */; };
		8C8D56671CAA2FF2001A409D /* StarGazrTests.swift in Sources */ = {isa = PBXBuildFile; fileRef = 8C8D56661CAA2FF2001A409D /* StarGazrTests.swift */; };
		8C8D56721CAA2FF2001A409D /* StarGazrUITests.swift in Sources */ = {isa = PBXBuildFile; fileRef = 8C8D56711CAA2FF2001A409D /* StarGazrUITests.swift */; };
/* End PBXBuildFile section */

/* Begin PBXContainerItemProxy section */
		8C8D56631CAA2FF2001A409D /* PBXContainerItemProxy */ = {
			isa = PBXContainerItemProxy;
			containerPortal = 8C8D56431CAA2FF2001A409D /* Project object */;
			proxyType = 1;
			remoteGlobalIDString = 8C8D564A1CAA2FF2001A409D;
			remoteInfo = StarGazr;
		};
		8C8D566E1CAA2FF2001A409D /* PBXContainerItemProxy */ = {
			isa = PBXContainerItemProxy;
			containerPortal = 8C8D56431CAA2FF2001A409D /* Project object */;
			proxyType = 1;
			remoteGlobalIDString = 8C8D564A1CAA2FF2001A409D;
			remoteInfo = StarGazr;
		};
/* End PBXContainerItemProxy section */

/* Begin PBXFileReference section */
		8C8D564B1CAA2FF2001A409D /* StarGazr.app */ = {isa = PBXFileReference; explicitFileType = wrapper.application; includeInIndex = 0; path = StarGazr.app; sourceTree = BUILT_PRODUCTS_DIR; };
		8C8D564E1CAA2FF2001A409D /* AppDelegate.swift */ = {isa = PBXFileReference; lastKnownFileType = sourcecode.swift; path = AppDelegate.swift; sourceTree = "<group>"; };
		8C8D56501CAA2FF2001A409D /* ViewController.swift */ = {isa = PBXFileReference; lastKnownFileType = sourcecode.swift; path = ViewController.swift; sourceTree = "<group>"; };
		8C8D56531CAA2FF2001A409D /* Base */ = {isa = PBXFileReference; lastKnownFileType = file.storyboard; name = Base; path = Base.lproj/Main.storyboard; sourceTree = "<group>"; };
		8C8D56561CAA2FF2001A409D /* StarGazr.xcdatamodel */ = {isa = PBXFileReference; lastKnownFileType = wrapper.xcdatamodel; path = StarGazr.xcdatamodel; sourceTree = "<group>"; };
		8C8D56581CAA2FF2001A409D /* Assets.xcassets */ = {isa = PBXFileReference; lastKnownFileType = folder.assetcatalog; path = Assets.xcassets; sourceTree = "<group>"; };
		8C8D565B1CAA2FF2001A409D /* Base */ = {isa = PBXFileReference; lastKnownFileType = file.storyboard; name = Base; path = Base.lproj/LaunchScreen.storyboard; sourceTree = "<group>"; };
		8C8D565D1CAA2FF2001A409D /* Info.plist */ = {isa = PBXFileReference; lastKnownFileType = text.plist.xml; path = Info.plist; sourceTree = "<group>"; };
		8C8D56621CAA2FF2001A409D /* StarGazrTests.xctest */ = {isa = PBXFileReference; explicitFileType = wrapper.cfbundle; includeInIndex = 0; path = StarGazrTests.xctest; sourceTree = BUILT_PRODUCTS_DIR; };
		8C8D56661CAA2FF2001A409D /* StarGazrTests.swift */ = {isa = PBXFileReference; lastKnownFileType = sourcecode.swift; path = StarGazrTests.swift; sourceTree = "<group>"; };
		8C8D56681CAA2FF2001A409D /* Info.plist */ = {isa = PBXFileReference; lastKnownFileType = text.plist.xml; path = Info.plist; sourceTree = "<group>"; };
		8C8D566D1CAA2FF2001A409D /* StarGazrUITests.xctest */ = {isa = PBXFileReference; explicitFileType = wrapper.cfbundle; includeInIndex = 0; path = StarGazrUITests.xctest; sourceTree = BUILT_PRODUCTS_DIR; };
		8C8D56711CAA2FF2001A409D /* StarGazrUITests.swift */ = {isa = PBXFileReference; lastKnownFileType = sourcecode.swift; path = StarGazrUITests.swift; sourceTree = "<group>"; };
		8C8D56731CAA2FF2001A409D /* Info.plist */ = {isa = PBXFileReference; lastKnownFileType = text.plist.xml; path = Info.plist; sourceTree = "<group>"; };
/* End PBXFileReference section */

/* Begin PBXFrameworksBuildPhase section */
		8C8D56481CAA2FF2001A409D /* Frameworks */ = {
			isa = PBXFrameworksBuildPhase;
			buildActionMask = 2147483647;
			files = (
			);
			runOnlyForDeploymentPostprocessing = 0;
		};
		8C8D565F1CAA2FF2001A409D /* Frameworks */ = {
			isa = PBXFrameworksBuildPhase;
			buildActionMask = 2147483647;
			files = (
			);
			runOnlyForDeploymentPostprocessing = 0;
		};
		8C8D566A1CAA2FF2001A409D /* Frameworks */ = {
			isa = PBXFrameworksBuildPhase;
			buildActionMask = 2147483647;
			files = (
			);
			runOnlyForDeploymentPostprocessing = 0;
		};
/* End PBXFrameworksBuildPhase section */

/* Begin PBXGroup section */
		8C8D56421CAA2FF2001A409D = {
			isa = PBXGroup;
			children = (
				8C8D564D1CAA2FF2001A409D /* StarGazr */,
				8C8D56651CAA2FF2001A409D /* StarGazrTests */,
				8C8D56701CAA2FF2001A409D /* StarGazrUITests */,
				8C8D564C1CAA2FF2001A409D /* Products */,
			);
			sourceTree = "<group>";
		};
		8C8D564C1CAA2FF2001A409D /* Products */ = {
			isa = PBXGroup;
			children = (
				8C8D564B1CAA2FF2001A409D /* StarGazr.app */,
				8C8D56621CAA2FF2001A409D /* StarGazrTests.xctest */,
				8C8D566D1CAA2FF2001A409D /* StarGazrUITests.xctest */,
			);
			name = Products;
			sourceTree = "<group>";
		};
		8C8D564D1CAA2FF2001A409D /* StarGazr */ = {
			isa = PBXGroup;
			children = (
				8C8D564E1CAA2FF2001A409D /* AppDelegate.swift */,
				8C8D56501CAA2FF2001A409D /* ViewController.swift */,
				8C8D56521CAA2FF2001A409D /* Main.storyboard */,
				8C8D56581CAA2FF2001A409D /* Assets.xcassets */,
				8C8D565A1CAA2FF2001A409D /* LaunchScreen.storyboard */,
				8C8D565D1CAA2FF2001A409D /* Info.plist */,
				8C8D56551CAA2FF2001A409D /* StarGazr.xcdatamodeld */,
			);
			path = StarGazr;
			sourceTree = "<group>";
		};
		8C8D56651CAA2FF2001A409D /* StarGazrTests */ = {
			isa = PBXGroup;
			children = (
				8C8D56661CAA2FF2001A409D /* StarGazrTests.swift */,
				8C8D56681CAA2FF2001A409D /* Info.plist */,
			);
			path = StarGazrTests;
			sourceTree = "<group>";
		};
		8C8D56701CAA2FF2001A409D /* StarGazrUITests */ = {
			isa = PBXGroup;
			children = (
				8C8D56711CAA2FF2001A409D /* StarGazrUITests.swift */,
				8C8D56731CAA2FF2001A409D /* Info.plist */,
			);
			path = StarGazrUITests;
			sourceTree = "<group>";
		};
/* End PBXGroup section */

/* Begin PBXNativeTarget section */
		8C8D564A1CAA2FF2001A409D /* StarGazr */ = {
			isa = PBXNativeTarget;
			buildConfigurationList = 8C8D56761CAA2FF2001A409D /* Build configuration list for PBXNativeTarget "StarGazr" */;
			buildPhases = (
				8C8D56471CAA2FF2001A409D /* Sources */,
				8C8D56481CAA2FF2001A409D /* Frameworks */,
				8C8D56491CAA2FF2001A409D /* Resources */,
			);
			buildRules = (
			);
			dependencies = (
			);
			name = StarGazr;
			productName = StarGazr;
			productReference = 8C8D564B1CAA2FF2001A409D /* StarGazr.app */;
			productType = "com.apple.product-type.application";
		};
		8C8D56611CAA2FF2001A409D /* StarGazrTests */ = {
			isa = PBXNativeTarget;
			buildConfigurationList = 8C8D56791CAA2FF2001A409D /* Build configuration list for PBXNativeTarget "StarGazrTests" */;
			buildPhases = (
				8C8D565E1CAA2FF2001A409D /* Sources */,
				8C8D565F1CAA2FF2001A409D /* Frameworks */,
				8C8D56601CAA2FF2001A409D /* Resources */,
			);
			buildRules = (
			);
			dependencies = (
				8C8D56641CAA2FF2001A409D /* PBXTargetDependency */,
			);
			name = StarGazrTests;
			productName = StarGazrTests;
			productReference = 8C8D56621CAA2FF2001A409D /* StarGazrTests.xctest */;
			productType = "com.apple.product-type.bundle.unit-test";
		};
		8C8D566C1CAA2FF2001A409D /* StarGazrUITests */ = {
			isa = PBXNativeTarget;
			buildConfigurationList = 8C8D567C1CAA2FF2001A409D /* Build configuration list for PBXNativeTarget "StarGazrUITests" */;
			buildPhases = (
				8C8D56691CAA2FF2001A409D /* Sources */,
				8C8D566A1CAA2FF2001A409D /* Frameworks */,
				8C8D566B1CAA2FF2001A409D /* Resources */,
			);
			buildRules = (
			);
			dependencies = (
				8C8D566F1CAA2FF2001A409D /* PBXTargetDependency */,
			);
			name = StarGazrUITests;
			productName = StarGazrUITests;
			productReference = 8C8D566D1CAA2FF2001A409D /* StarGazrUITests.xctest */;
			productType = "com.apple.product-type.bundle.ui-testing";
		};
/* End PBXNativeTarget section */

/* Begin PBXProject section */
		8C8D56431CAA2FF2001A409D /* Project object */ = {
			isa = PBXProject;
			attributes = {
				LastSwiftUpdateCheck = 0730;
				LastUpgradeCheck = 0730;
				ORGANIZATIONNAME = "Oren Leavitt";
				TargetAttributes = {
					8C8D564A1CAA2FF2001A409D = {
						CreatedOnToolsVersion = 7.3;
					};
					8C8D56611CAA2FF2001A409D = {
						CreatedOnToolsVersion = 7.3;
						TestTargetID = 8C8D564A1CAA2FF2001A409D;
					};
					8C8D566C1CAA2FF2001A409D = {
						CreatedOnToolsVersion = 7.3;
						TestTargetID = 8C8D564A1CAA2FF2001A409D;
					};
				};
			};
			buildConfigurationList = 8C8D56461CAA2FF2001A409D /* Build configuration list for PBXProject "StarGazr" */;
			compatibilityVersion = "Xcode 3.2";
			developmentRegion = English;
			hasScannedForEncodings = 0;
			knownRegions = (
				en,
				Base,
			);
			mainGroup = 8C8D56421CAA2FF2001A409D;
			productRefGroup = 8C8D564C1CAA2FF2001A409D /* Products */;
			projectDirPath = "";
			projectRoot = "";
			targets = (
				8C8D564A1CAA2FF2001A409D /* StarGazr */,
				8C8D56611CAA2FF2001A409D /* StarGazrTests */,
				8C8D566C1CAA2FF2001A409D /* StarGazrUITests */,
			);
		};
/* End PBXProject section */

/* Begin PBXResourcesBuildPhase section */
		8C8D56491CAA2FF2001A409D /* Resources */ = {
			isa = PBXResourcesBuildPhase;
			buildActionMask = 2147483647;
			files = (
				8C8D565C1CAA2FF2001A409D /* LaunchScreen.storyboard in Resources */,
				8C8D56591CAA2FF2001A409D /* Assets.xcassets in Resources */,
				8C8D56541CAA2FF2001A409D /* Main.storyboard in Resources */,
			);
			runOnlyForDeploymentPostprocessing = 0;
		};
		8C8D56601CAA2FF2001A409D /* Resources */ = {
			isa = PBXResourcesBuildPhase;
			buildActionMask = 2147483647;
			files = (
			);
			runOnlyForDeploymentPostprocessing = 0;
		};
		8C8D566B1CAA2FF2001A409D /* Resources */ = {
			isa = PBXResourcesBuildPhase;
			buildActionMask = 2147483647;
			files = (
			);
			runOnlyForDeploymentPostprocessing = 0;
		};
/* End PBXResourcesBuildPhase section */

/* Begin PBXSourcesBuildPhase section */
		8C8D56471CAA2FF2001A409D /* Sources */ = {
			isa = PBXSourcesBuildPhase;
			buildActionMask = 2147483647;
			files = (
				8C8D56511CAA2FF2001A409D /* ViewController.swift in Sources */,
				8C8D564F1CAA2FF2001A409D /* AppDelegate.swift in Sources */,
				8C8D56571CAA2FF2001A409D /* StarGazr.xcdatamodeld in Sources */,
			);
			runOnlyForDeploymentPostprocessing = 0;
		};
		8C8D565E1CAA2FF2001A409D /* Sources */ = {
			isa = PBXSourcesBuildPhase;
			buildActionMask = 2147483647;
			files = (
				8C8D56671CAA2FF2001A409D /* StarGazrTests.swift in Sources */,
			);
			runOnlyForDeploymentPostprocessing = 0;
		};
		8C8D56691CAA2FF2001A409D /* Sources */ = {
			isa = PBXSourcesBuildPhase;
			buildActionMask = 2147483647;
			files = (
				8C8D56721CAA2FF2001A409D /* StarGazrUITests.swift in Sources */,
			);
			runOnlyForDeploymentPostprocessing = 0;
		};
/* End PBXSourcesBuildPhase section */

/* Begin PBXTargetDependency section */
		8C8D56641CAA2FF2001A409D /* PBXTargetDependency */ = {
			isa = PBXTargetDependency;
			target = 8C8D564A1CAA2FF2001A409D /* StarGazr */;
			targetProxy = 8C8D56631CAA2FF2001A409D /* PBXContainerItemProxy */;
		};
		8C8D566F1CAA2FF2001A409D /* PBXTargetDependency */ = {
			isa = PBXTargetDependency;
			target = 8C8D564A1CAA2FF2001A409D /* StarGazr */;
			targetProxy = 8C8D566E1CAA2FF2001A409D /* PBXContainerItemProxy */;
		};
/* End PBXTargetDependency section */

/* Begin PBXVariantGroup section */
		8C8D56521CAA2FF2001A409D /* Main.storyboard */ = {
			isa = PBXVariantGroup;
			children = (
				8C8D56531CAA2FF2001A409D /* Base */,
			);
			name = Main.storyboard;
			sourceTree = "<group>";
		};
		8C8D565A1CAA2FF2001A409D /* LaunchScreen.storyboard */ = {
			isa = PBXVariantGroup;
			children = (
				8C8D565B1CAA2FF2001A409D /* Base */,
			);
			name = LaunchScreen.storyboard;
			sourceTree = "<group>";
		};
/* End PBXVariantGroup section */

/* Begin XCBuildConfiguration section */
		8C8D56741CAA2FF2001A409D /* Debug */ = {
			isa = XCBuildConfiguration;
			buildSettings = {
				ALWAYS_SEARCH_USER_PATHS = NO;
				CLANG_ANALYZER_NONNULL = YES;
				CLANG_CXX_LANGUAGE_STANDARD = "gnu++0x";
				CLANG_CXX_LIBRARY = "libc++";
				CLANG_ENABLE_MODULES = YES;
				CLANG_ENABLE_OBJC_ARC = YES;
				CLANG_WARN_BOOL_CONVERSION = YES;
				CLANG_WARN_CONSTANT_CONVERSION = YES;
				CLANG_WARN_DIRECT_OBJC_ISA_USAGE = YES_ERROR;
				CLANG_WARN_EMPTY_BODY = YES;
				CLANG_WARN_ENUM_CONVERSION = YES;
				CLANG_WARN_INT_CONVERSION = YES;
				CLANG_WARN_OBJC_ROOT_CLASS = YES_ERROR;
				CLANG_WARN_UNREACHABLE_CODE = YES;
				CLANG_WARN__DUPLICATE_METHOD_MATCH = YES;
				"CODE_SIGN_IDENTITY[sdk=iphoneos*]" = "iPhone Developer";
				COPY_PHASE_STRIP = NO;
				DEBUG_INFORMATION_FORMAT = dwarf;
				ENABLE_STRICT_OBJC_MSGSEND = YES;
				ENABLE_TESTABILITY = YES;
				GCC_C_LANGUAGE_STANDARD = gnu99;
				GCC_DYNAMIC_NO_PIC = NO;
				GCC_NO_COMMON_BLOCKS = YES;
				GCC_OPTIMIZATION_LEVEL = 0;
				GCC_PREPROCESSOR_DEFINITIONS = (
					"DEBUG=1",
					"$(inherited)",
				);
				GCC_WARN_64_TO_32_BIT_CONVERSION = YES;
				GCC_WARN_ABOUT_RETURN_TYPE = YES_ERROR;
				GCC_WARN_UNDECLARED_SELECTOR = YES;
				GCC_WARN_UNINITIALIZED_AUTOS = YES_AGGRESSIVE;
				GCC_WARN_UNUSED_FUNCTION = YES;
				GCC_WARN_UNUSED_VARIABLE = YES;
				IPHONEOS_DEPLOYMENT_TARGET = 9.3;
				MTL_ENABLE_DEBUG_INFO = YES;
				ONLY_ACTIVE_ARCH = YES;
				SDKROOT = iphoneos;
				SWIFT_OPTIMIZATION_LEVEL = "-Onone";
				TARGETED_DEVICE_FAMILY = "1,2";
			};
			name = Debug;
		};
		8C8D56751CAA2FF2001A409D /* Release */ = {
			isa = XCBuildConfiguration;
			buildSettings = {
				ALWAYS_SEARCH_USER_PATHS = NO;
				CLANG_ANALYZER_NONNULL = YES;
				CLANG_CXX_LANGUAGE_STANDARD = "gnu++0x";
				CLANG_CXX_LIBRARY = "libc++";
				CLANG_ENABLE_MODULES = YES;
				CLANG_ENABLE_OBJC_ARC = YES;
				CLANG_WARN_BOOL_CONVERSION = YES;
				CLANG_WARN_CONSTANT_CONVERSION = YES;
				CLANG_WARN_DIRECT_OBJC_ISA_USAGE = YES_ERROR;
				CLANG_WARN_EMPTY_BODY = YES;
				CLANG_WARN_ENUM_CONVERSION = YES;
				CLANG_WARN_INT_CONVERSION = YES;
				CLANG_WARN_OBJC_ROOT_CLASS = YES_ERROR;
				CLANG_WARN_UNREACHABLE_CODE = YES;
				CLANG_WARN__DUPLICATE_METHOD_MATCH = YES;
				"CODE_SIGN_IDENTITY[sdk=iphoneos*]" = "iPhone Developer";
				COPY_PHASE_STRIP = NO;
				DEBUG_INFORMATION_FORMAT = "dwarf-with-dsym";
				ENABLE_NS_ASSERTIONS = NO;
				ENABLE_STRICT_OBJC_MSGSEND = YES;
				GCC_C_LANGUAGE_STANDARD = gnu99;
				GCC_NO_COMMON_BLOCKS = YES;
				GCC_WARN_64_TO_32_BIT_CONVERSION = YES;
				GCC_WARN_ABOUT_RETURN_TYPE = YES_ERROR;
				GCC_WARN_UNDECLARED_SELECTOR = YES;
				GCC_WARN_UNINITIALIZED_AUTOS = YES_AGGRESSIVE;
				GCC_WARN_UNUSED_FUNCTION = YES;
				GCC_WARN_UNUSED_VARIABLE = YES;
				IPHONEOS_DEPLOYMENT_TARGET = 9.3;
				MTL_ENABLE_DEBUG_INFO = NO;
				SDKROOT = iphoneos;
				TARGETED_DEVICE_FAMILY = "1,2";
				VALIDATE_PRODUCT = YES;
			};
			name = Release;
		};
		8C8D56771CAA2FF2001A409D /* Debug */ = {
			isa = XCBuildConfiguration;
			buildSettings = {
				ASSETCATALOG_COMPILER_APPICON_NAME = AppIcon;
				INFOPLIST_FILE = StarGazr/Info.plist;
				LD_RUNPATH_SEARCH_PATHS = "$(inherited) @executable_path/Frameworks";
				PRODUCT_BUNDLE_IDENTIFIER = com.oleavittapps.StarGazr;
				PRODUCT_NAME = "$(TARGET_NAME)";
			};
			name = Debug;
		};
		8C8D56781CAA2FF2001A409D /* Release */ = {
			isa = XCBuildConfiguration;
			buildSettings = {
				ASSETCATALOG_COMPILER_APPICON_NAME = AppIcon;
				INFOPLIST_FILE = StarGazr/Info.plist;
				LD_RUNPATH_SEARCH_PATHS = "$(inherited) @executable_path/Frameworks";
				PRODUCT_BUNDLE_IDENTIFIER = com.oleavittapps.StarGazr;
				PRODUCT_NAME = "$(TARGET_NAME)";
			};
			name = Release;
		};
		8C8D567A1CAA2FF2001A409D /* Debug */ = {
			isa = XCBuildConfiguration;
			buildSettings = {
				BUNDLE_LOADER = "$(TEST_HOST)";
				INFOPLIST_FILE = StarGazrTests/Info.plist;
				LD_RUNPATH_SEARCH_PATHS = "$(inherited) @executable_path/Frameworks @loader_path/Frameworks";
				PRODUCT_BUNDLE_IDENTIFIER = com.oleavittapps.StarGazrTests;
				PRODUCT_NAME = "$(TARGET_NAME)";
				TEST_HOST = "$(BUILT_PRODUCTS_DIR)/StarGazr.app/StarGazr";
			};
			name = Debug;
		};
		8C8D567B1CAA2FF2001A409D /* Release */ = {
			isa = XCBuildConfiguration;
			buildSettings = {
				BUNDLE_LOADER = "$(TEST_HOST)";
				INFOPLIST_FILE = StarGazrTests/Info.plist;
				LD_RUNPATH_SEARCH_PATHS = "$(inherited) @executable_path/Frameworks @loader_path/Frameworks";
				PRODUCT_BUNDLE_IDENTIFIER = com.oleavittapps.StarGazrTests;
				PRODUCT_NAME = "$(TARGET_NAME)";
				TEST_HOST = "$(BUILT_PRODUCTS_DIR)/StarGazr.app/StarGazr";
			};
			name = Release;
		};
		8C8D567D1CAA2FF2001A409D /* Debug */ = {
			isa = XCBuildConfiguration;
			buildSettings = {
				INFOPLIST_FILE = StarGazrUITests/Info.plist;
				LD_RUNPATH_SEARCH_PATHS = "$(inherited) @executable_path/Frameworks @loader_path/Frameworks";
				PRODUCT_BUNDLE_IDENTIFIER = com.oleavittapps.StarGazrUITests;
				PRODUCT_NAME = "$(TARGET_NAME)";
				TEST_TARGET_NAME = StarGazr;
			};
			name = Debug;
		};
		8C8D567E1CAA2FF2001A409D /* Release */ = {
			isa = XCBuildConfiguration;
			buildSettings = {
				INFOPLIST_FILE = StarGazrUITests/Info.plist;
				LD_RUNPATH_SEARCH_PATHS = "$(inherited) @executable_path/Frameworks @loader_path/Frameworks";
				PRODUCT_BUNDLE_IDENTIFIER = com.oleavittapps.StarGazrUITests;
				PRODUCT_NAME = "$(TARGET_NAME)";
				TEST_TARGET_NAME = StarGazr;
			};
			name = Release;
		};
/* End XCBuildConfiguration section */

/* Begin XCConfigurationList section */
		8C8D56461CAA2FF2001A409D /* Build configuration list for PBXProject "StarGazr" */ = {
			isa = XCConfigurationList;
			buildConfigurations = (
				8C8D56741CAA2FF2001A409D /* Debug */,
				8C8D56751CAA2FF2001A409D /* Release */,
			);
			defaultConfigurationIsVisible = 0;
			defaultConfigurationName = Release;
		};
		8C8D56761CAA2FF2001A409D /* Build configuration list for PBXNativeTarget "StarGazr" */ = {
			isa = XCConfigurationList;
			buildConfigurations = (
				8C8D56771CAA2FF2001A409D /* Debug */,
				8C8D56781CAA2FF2001A409D /* Release */,
			);
			defaultConfigurationIsVisible = 0;
		};
		8C8D56791CAA2FF2001A409D /* Build configuration list for PBXNativeTarget "StarGazrTests" */ = {
			isa = XCConfigurationList;
			buildConfigurations = (
				8C8D567A1CAA2FF2001A409D /* Debug */,
				8C8D567B1CAA2FF2001A409D /* Release */,
			);
			defaultConfigurationIsVisible = 0;
		};
		8C8D567C1CAA2FF2001A409D /* Build configuration list for PBXNativeTarget "StarGazrUITests" */ = {
			isa = XCConfigurationList;
			buildConfigurations = (
				8C8D567D1CAA2FF2001A409D /* Debug */,
				8C8D567E1CAA2FF2001A409D /* Release */,
			);
			defaultConfigurationIsVisible = 0;
		};
/* End XCConfigurationList section */

/* Begin XCVersionGroup section */
		8C8D56551CAA2FF2001A409D /* StarGazr.xcdatamodeld */ = {
			isa = XCVersionGroup;
			children = (
				8C8D56561CAA2FF2001A409D /* StarGazr.xcdatamodel */,
			);
			currentVersion = 8C8D56561CAA2FF2001A409D /* StarGazr.xcdatamodel */;
			path = StarGazr.xcdatamodeld;
			sourceTree = "<group>";
			versionGroupType = wrapper.xcdatamodel;
		};
/* End XCVersionGroup section */
	};
	rootObject = 8C8D56431CAA2FF2001A409D /* Project object */;
}
